
Microsoft Visual Studio Solution File, Format Version 12.00
# Visual Studio Version 17
VisualStudioVersion = 17.13.35806.99 d17.13
MinimumVisualStudioVersion = 10.0.40219.1
Project("{FAE04EC0-301F-11D3-BF4B-00C04F79EFBC}") = "kpl_jurnalmodul5_2311104058", "kpl_jurnalmodul5_2311104058\kpl_jurnalmodul5_2311104058.csproj", "{C2A9AE19-AB2C-4A8C-90C0-3E162E6FB768}"
EndProject
Global
	GlobalSection(SolutionConfigurationPlatforms) = preSolution
		Debug|Any CPU = Debug|Any CPU
		Release|Any CPU = Release|Any CPU
	EndGlobalSection
	GlobalSection(ProjectConfigurationPlatforms) = postSolution
		{C2A9AE19-AB2C-4A8C-90C0-3E162E6FB768}.Debug|Any CPU.ActiveCfg = Debug|Any CPU
		{C2A9AE19-AB2C-4A8C-90C0-3E162E6FB768}.Debug|Any CPU.Build.0 = Debug|Any CPU
		{C2A9AE19-AB2C-4A8C-90C0-3E162E6FB768}.Release|Any CPU.ActiveCfg = Release|Any CPU
		{C2A9AE19-AB2C-4A8C-90C0-3E162E6FB768}.Release|Any CPU.Build.0 = Release|Any CPU
	EndGlobalSection
	GlobalSection(SolutionProperties) = preSolution
		HideSolutionNode = FALSE
	EndGlobalSection
	GlobalSection(ExtensibilityGlobals) = postSolution
		SolutionGuid = {B1406750-F6D1-4220-9BFA-5CB42B144B82}
	EndGlobalSection
EndGlobal
